
Microsoft Visual Studio Solution File, Format Version 12.00
# Visual Studio Version 16
VisualStudioVersion = 16.0.29911.84
MinimumVisualStudioVersion = 10.0.40219.1
Project("{FAE04EC0-301F-11D3-BF4B-00C04F79EFBC}") = "EQFCT", "EQFCT\EQFCT.csproj", "{874C6688-439D-4CDB-957A-6BAFBEB37542}"
EndProject
Global
	GlobalSection(SolutionConfigurationPlatforms) = preSolution
		Debug|Any CPU = Debug|Any CPU
		Release|Any CPU = Release|Any CPU
	EndGlobalSection
	GlobalSection(ProjectConfigurationPlatforms) = postSolution
		{874C6688-439D-4CDB-957A-6BAFBEB37542}.Debug|Any CPU.ActiveCfg = Debug|Any CPU
		{874C6688-439D-4CDB-957A-6BAFBEB37542}.Debug|Any CPU.Build.0 = Debug|Any CPU
		{874C6688-439D-4CDB-957A-6BAFBEB37542}.Release|Any CPU.ActiveCfg = Release|Any CPU
		{874C6688-439D-4CDB-957A-6BAFBEB37542}.Release|Any CPU.Build.0 = Release|Any CPU
	EndGlobalSection
	GlobalSection(SolutionProperties) = preSolution
		HideSolutionNode = FALSE
	EndGlobalSection
	GlobalSection(ExtensibilityGlobals) = postSolution
		SolutionGuid = {B20ED471-A3DF-415C-B9F9-5E7790A7DA1A}
	EndGlobalSection
EndGlobal
